// !$*UTF8*$!
{
	archiveVersion = 1;
	classes = {
	};
	objectVersion = 56;
	objects = {

/* Begin PBXBuildFile section */
		4924C295298FBCAB0036A169 /* LockScreenView.swift in Sources */ = {isa = PBXBuildFile; fileRef = 4924C293298FBC450036A169 /* LockScreenView.swift */; };
		4924C298298FC02D0036A169 /* DynamicIslandTeamView.swift in Sources */ = {isa = PBXBuildFile; fileRef = 4924C296298FC02A0036A169 /* DynamicIslandTeamView.swift */; };
		4924C29B298FC27B0036A169 /* DynamicIslandBottomView.swift in Sources */ = {isa = PBXBuildFile; fileRef = 4924C299298FC2330036A169 /* DynamicIslandBottomView.swift */; };
		4957EE15295F0DDF00323378 /* GoalRowView.swift in Sources */ = {isa = PBXBuildFile; fileRef = 4957EE14295F0DDF00323378 /* GoalRowView.swift */; };
		4980CB152987BA1F00E5919D /* WidgetKit.framework in Frameworks */ = {isa = PBXBuildFile; fileRef = 4980CAE12987B74800E5919D /* WidgetKit.framework */; };
		4980CB162987BA1F00E5919D /* SwiftUI.framework in Frameworks */ = {isa = PBXBuildFile; fileRef = 4980CAE32987B74800E5919D /* SwiftUI.framework */; };
		4980CB1B2987BA1F00E5919D /* SoccerLiveActivityWidgetExtensionLiveActivity.swift in Sources */ = {isa = PBXBuildFile; fileRef = 4980CB1A2987BA1F00E5919D /* SoccerLiveActivityWidgetExtensionLiveActivity.swift */; };
		4980CB1F2987BA2100E5919D /* Assets.xcassets in Resources */ = {isa = PBXBuildFile; fileRef = 4980CB1E2987BA2100E5919D /* Assets.xcassets */; };
		4980CB232987BA2100E5919D /* SoccerLiveActivityWidgetExtensionExtension.appex in Embed Foundation Extensions */ = {isa = PBXBuildFile; fileRef = 4980CB142987BA1F00E5919D /* SoccerLiveActivityWidgetExtensionExtension.appex */; settings = {ATTRIBUTES = (RemoveHeadersOnCopy, ); }; };
		4980CB2C2987BBE300E5919D /* MatchLiveActivityAttributes.swift in Sources */ = {isa = PBXBuildFile; fileRef = 4980CB2B2987BBE300E5919D /* MatchLiveActivityAttributes.swift */; };
		4980CB2D2987BBEE00E5919D /* MatchLiveActivityAttributes.swift in Sources */ = {isa = PBXBuildFile; fileRef = 4980CB2B2987BBE300E5919D /* MatchLiveActivityAttributes.swift */; };
		4980CB3A2988648600E5919D /* LiveActivityManager.swift in Sources */ = {isa = PBXBuildFile; fileRef = 4980CB392988648600E5919D /* LiveActivityManager.swift */; };
		4980CB3B298866C900E5919D /* MatchTime.swift in Sources */ = {isa = PBXBuildFile; fileRef = 49B1CF4729295E4500A59A68 /* MatchTime.swift */; };
		49B1CF1529295CD200A59A68 /* SoccerLiveActivityApp.swift in Sources */ = {isa = PBXBuildFile; fileRef = 49B1CF1429295CD200A59A68 /* SoccerLiveActivityApp.swift */; };
		49B1CF1729295CD200A59A68 /* MatchView.swift in Sources */ = {isa = PBXBuildFile; fileRef = 49B1CF1629295CD200A59A68 /* MatchView.swift */; };
		49B1CF1929295CD600A59A68 /* Assets.xcassets in Resources */ = {isa = PBXBuildFile; fileRef = 49B1CF1829295CD600A59A68 /* Assets.xcassets */; };
		49B1CF1D29295CD600A59A68 /* Preview Assets.xcassets in Resources */ = {isa = PBXBuildFile; fileRef = 49B1CF1C29295CD600A59A68 /* Preview Assets.xcassets */; };
		49B1CF4229295D9500A59A68 /* Team.swift in Sources */ = {isa = PBXBuildFile; fileRef = 49B1CF4129295D9500A59A68 /* Team.swift */; };
		49B1CF4429295E0500A59A68 /* Player.swift in Sources */ = {isa = PBXBuildFile; fileRef = 49B1CF4329295E0500A59A68 /* Player.swift */; };
		49B1CF4629295E2800A59A68 /* Match.swift in Sources */ = {isa = PBXBuildFile; fileRef = 49B1CF4529295E2800A59A68 /* Match.swift */; };
		49B1CF4829295E4500A59A68 /* MatchTime.swift in Sources */ = {isa = PBXBuildFile; fileRef = 49B1CF4729295E4500A59A68 /* MatchTime.swift */; };
		49B1CF4A29295E5A00A59A68 /* Goal.swift in Sources */ = {isa = PBXBuildFile; fileRef = 49B1CF4929295E5A00A59A68 /* Goal.swift */; };
		49B1CF4C29295E7100A59A68 /* MatchScore.swift in Sources */ = {isa = PBXBuildFile; fileRef = 49B1CF4B29295E7100A59A68 /* MatchScore.swift */; };
		49B1CF4E29295E8500A59A68 /* MatchSubstitution.swift in Sources */ = {isa = PBXBuildFile; fileRef = 49B1CF4D29295E8500A59A68 /* MatchSubstitution.swift */; };
		49CA26A22929614700797C76 /* MatchSimulator.swift in Sources */ = {isa = PBXBuildFile; fileRef = 49CA26A12929614700797C76 /* MatchSimulator.swift */; };
		49CA26A4292969F900797C76 /* MatchViewModel.swift in Sources */ = {isa = PBXBuildFile; fileRef = 49CA26A3292969F900797C76 /* MatchViewModel.swift */; };
		49FB094F2950DA1300B60B28 /* MatchScoreView.swift in Sources */ = {isa = PBXBuildFile; fileRef = 49FB094E2950DA1300B60B28 /* MatchScoreView.swift */; };
		49FB09512950DA4500B60B28 /* TeamShieldView.swift in Sources */ = {isa = PBXBuildFile; fileRef = 49FB09502950DA4500B60B28 /* TeamShieldView.swift */; };
		49FB09532950E41600B60B28 /* MatchTimeView.swift in Sources */ = {isa = PBXBuildFile; fileRef = 49FB09522950E41600B60B28 /* MatchTimeView.swift */; };
/* End PBXBuildFile section */

/* Begin PBXContainerItemProxy section */
		4980CB212987BA2100E5919D /* PBXContainerItemProxy */ = {
			isa = PBXContainerItemProxy;
			containerPortal = 49B1CF0929295CD200A59A68 /* Project object */;
			proxyType = 1;
			remoteGlobalIDString = 4980CB132987BA1F00E5919D;
			remoteInfo = SoccerLiveActivityWidgetExtensionExtension;
		};
/* End PBXContainerItemProxy section */

/* Begin PBXCopyFilesBuildPhase section */
		4980CAF52987B74C00E5919D /* Embed Foundation Extensions */ = {
			isa = PBXCopyFilesBuildPhase;
			buildActionMask = 2147483647;
			dstPath = "";
			dstSubfolderSpec = 13;
			files = (
				4980CB232987BA2100E5919D /* SoccerLiveActivityWidgetExtensionExtension.appex in Embed Foundation Extensions */,
			);
			name = "Embed Foundation Extensions";
			runOnlyForDeploymentPostprocessing = 0;
		};
/* End PBXCopyFilesBuildPhase section */

/* Begin PBXFileReference section */
		4924C293298FBC450036A169 /* LockScreenView.swift */ = {isa = PBXFileReference; lastKnownFileType = sourcecode.swift; path = LockScreenView.swift; sourceTree = "<group>"; };
		4924C296298FC02A0036A169 /* DynamicIslandTeamView.swift */ = {isa = PBXFileReference; lastKnownFileType = sourcecode.swift; path = DynamicIslandTeamView.swift; sourceTree = "<group>"; };
		4924C299298FC2330036A169 /* DynamicIslandBottomView.swift */ = {isa = PBXFileReference; lastKnownFileType = sourcecode.swift; path = DynamicIslandBottomView.swift; sourceTree = "<group>"; };
		4957EE14295F0DDF00323378 /* GoalRowView.swift */ = {isa = PBXFileReference; lastKnownFileType = sourcecode.swift; path = GoalRowView.swift; sourceTree = "<group>"; };
		4957EE16295F101E00323378 /* Info.plist */ = {isa = PBXFileReference; lastKnownFileType = text.plist; path = Info.plist; sourceTree = "<group>"; };
		4980CAE12987B74800E5919D /* WidgetKit.framework */ = {isa = PBXFileReference; lastKnownFileType = wrapper.framework; name = WidgetKit.framework; path = System/Library/Frameworks/WidgetKit.framework; sourceTree = SDKROOT; };
		4980CAE32987B74800E5919D /* SwiftUI.framework */ = {isa = PBXFileReference; lastKnownFileType = wrapper.framework; name = SwiftUI.framework; path = System/Library/Frameworks/SwiftUI.framework; sourceTree = SDKROOT; };
		4980CB142987BA1F00E5919D /* SoccerLiveActivityWidgetExtensionExtension.appex */ = {isa = PBXFileReference; explicitFileType = "wrapper.app-extension"; includeInIndex = 0; path = SoccerLiveActivityWidgetExtensionExtension.appex; sourceTree = BUILT_PRODUCTS_DIR; };
		4980CB1A2987BA1F00E5919D /* SoccerLiveActivityWidgetExtensionLiveActivity.swift */ = {isa = PBXFileReference; lastKnownFileType = sourcecode.swift; path = SoccerLiveActivityWidgetExtensionLiveActivity.swift; sourceTree = "<group>"; };
		4980CB1E2987BA2100E5919D /* Assets.xcassets */ = {isa = PBXFileReference; lastKnownFileType = folder.assetcatalog; path = Assets.xcassets; sourceTree = "<group>"; };
		4980CB202987BA2100E5919D /* Info.plist */ = {isa = PBXFileReference; lastKnownFileType = text.plist.xml; path = Info.plist; sourceTree = "<group>"; };
		4980CB2B2987BBE300E5919D /* MatchLiveActivityAttributes.swift */ = {isa = PBXFileReference; lastKnownFileType = sourcecode.swift; path = MatchLiveActivityAttributes.swift; sourceTree = "<group>"; };
		4980CB392988648600E5919D /* LiveActivityManager.swift */ = {isa = PBXFileReference; lastKnownFileType = sourcecode.swift; path = LiveActivityManager.swift; sourceTree = "<group>"; };
		49B1CF1129295CD200A59A68 /* SoccerLiveActivity.app */ = {isa = PBXFileReference; explicitFileType = wrapper.application; includeInIndex = 0; path = SoccerLiveActivity.app; sourceTree = BUILT_PRODUCTS_DIR; };
		49B1CF1429295CD200A59A68 /* SoccerLiveActivityApp.swift */ = {isa = PBXFileReference; lastKnownFileType = sourcecode.swift; path = SoccerLiveActivityApp.swift; sourceTree = "<group>"; };
		49B1CF1629295CD200A59A68 /* MatchView.swift */ = {isa = PBXFileReference; lastKnownFileType = sourcecode.swift; path = MatchView.swift; sourceTree = "<group>"; };
		49B1CF1829295CD600A59A68 /* Assets.xcassets */ = {isa = PBXFileReference; lastKnownFileType = folder.assetcatalog; path = Assets.xcassets; sourceTree = "<group>"; };
		49B1CF1A29295CD600A59A68 /* SoccerLiveActivity.entitlements */ = {isa = PBXFileReference; lastKnownFileType = text.plist.entitlements; path = SoccerLiveActivity.entitlements; sourceTree = "<group>"; };
		49B1CF1C29295CD600A59A68 /* Preview Assets.xcassets */ = {isa = PBXFileReference; lastKnownFileType = folder.assetcatalog; path = "Preview Assets.xcassets"; sourceTree = "<group>"; };
		49B1CF4129295D9500A59A68 /* Team.swift */ = {isa = PBXFileReference; lastKnownFileType = sourcecode.swift; path = Team.swift; sourceTree = "<group>"; };
		49B1CF4329295E0500A59A68 /* Player.swift */ = {isa = PBXFileReference; lastKnownFileType = sourcecode.swift; path = Player.swift; sourceTree = "<group>"; };
		49B1CF4529295E2800A59A68 /* Match.swift */ = {isa = PBXFileReference; lastKnownFileType = sourcecode.swift; path = Match.swift; sourceTree = "<group>"; };
		49B1CF4729295E4500A59A68 /* MatchTime.swift */ = {isa = PBXFileReference; lastKnownFileType = sourcecode.swift; path = MatchTime.swift; sourceTree = "<group>"; };
		49B1CF4929295E5A00A59A68 /* Goal.swift */ = {isa = PBXFileReference; lastKnownFileType = sourcecode.swift; path = Goal.swift; sourceTree = "<group>"; };
		49B1CF4B29295E7100A59A68 /* MatchScore.swift */ = {isa = PBXFileReference; lastKnownFileType = sourcecode.swift; path = MatchScore.swift; sourceTree = "<group>"; };
		49B1CF4D29295E8500A59A68 /* MatchSubstitution.swift */ = {isa = PBXFileReference; lastKnownFileType = sourcecode.swift; path = MatchSubstitution.swift; sourceTree = "<group>"; };
		49CA26A12929614700797C76 /* MatchSimulator.swift */ = {isa = PBXFileReference; lastKnownFileType = sourcecode.swift; path = MatchSimulator.swift; sourceTree = "<group>"; };
		49CA26A3292969F900797C76 /* MatchViewModel.swift */ = {isa = PBXFileReference; lastKnownFileType = sourcecode.swift; path = MatchViewModel.swift; sourceTree = "<group>"; };
		49FB094E2950DA1300B60B28 /* MatchScoreView.swift */ = {isa = PBXFileReference; lastKnownFileType = sourcecode.swift; path = MatchScoreView.swift; sourceTree = "<group>"; };
		49FB09502950DA4500B60B28 /* TeamShieldView.swift */ = {isa = PBXFileReference; lastKnownFileType = sourcecode.swift; path = TeamShieldView.swift; sourceTree = "<group>"; };
		49FB09522950E41600B60B28 /* MatchTimeView.swift */ = {isa = PBXFileReference; lastKnownFileType = sourcecode.swift; path = MatchTimeView.swift; sourceTree = "<group>"; };
/* End PBXFileReference section */

/* Begin PBXFrameworksBuildPhase section */
		4980CB112987BA1F00E5919D /* Frameworks */ = {
			isa = PBXFrameworksBuildPhase;
			buildActionMask = 2147483647;
			files = (
				4980CB162987BA1F00E5919D /* SwiftUI.framework in Frameworks */,
				4980CB152987BA1F00E5919D /* WidgetKit.framework in Frameworks */,
			);
			runOnlyForDeploymentPostprocessing = 0;
		};
		49B1CF0E29295CD200A59A68 /* Frameworks */ = {
			isa = PBXFrameworksBuildPhase;
			buildActionMask = 2147483647;
			files = (
			);
			runOnlyForDeploymentPostprocessing = 0;
		};
/* End PBXFrameworksBuildPhase section */

/* Begin PBXGroup section */
		4980CAE02987B74800E5919D /* Frameworks */ = {
			isa = PBXGroup;
			children = (
				4980CAE12987B74800E5919D /* WidgetKit.framework */,
				4980CAE32987B74800E5919D /* SwiftUI.framework */,
			);
			name = Frameworks;
			sourceTree = "<group>";
		};
		4980CB172987BA1F00E5919D /* SoccerLiveActivityWidgetExtension */ = {
			isa = PBXGroup;
			children = (
				4980CB202987BA2100E5919D /* Info.plist */,
				4980CB3C2988717A00E5919D /* Components */,
				4980CB1A2987BA1F00E5919D /* SoccerLiveActivityWidgetExtensionLiveActivity.swift */,
				4980CB1E2987BA2100E5919D /* Assets.xcassets */,
			);
			path = SoccerLiveActivityWidgetExtension;
			sourceTree = "<group>";
		};
		4980CB372988645600E5919D /* LiveActivity */ = {
			isa = PBXGroup;
			children = (
				4980CB392988648600E5919D /* LiveActivityManager.swift */,
				4980CB2B2987BBE300E5919D /* MatchLiveActivityAttributes.swift */,
			);
			path = LiveActivity;
			sourceTree = "<group>";
		};
		4980CB382988646300E5919D /* Simulator */ = {
			isa = PBXGroup;
			children = (
				49CA26A12929614700797C76 /* MatchSimulator.swift */,
			);
			path = Simulator;
			sourceTree = "<group>";
		};
		4980CB3C2988717A00E5919D /* Components */ = {
			isa = PBXGroup;
			children = (
				4924C299298FC2330036A169 /* DynamicIslandBottomView.swift */,
				4924C296298FC02A0036A169 /* DynamicIslandTeamView.swift */,
				4924C293298FBC450036A169 /* LockScreenView.swift */,
			);
			path = Components;
			sourceTree = "<group>";
		};
		49B1CF0829295CD200A59A68 = {
			isa = PBXGroup;
			children = (
				49B1CF1329295CD200A59A68 /* SoccerLiveActivity */,
				4980CB172987BA1F00E5919D /* SoccerLiveActivityWidgetExtension */,
				4980CAE02987B74800E5919D /* Frameworks */,
				49B1CF1229295CD200A59A68 /* Products */,
			);
			sourceTree = "<group>";
		};
		49B1CF1229295CD200A59A68 /* Products */ = {
			isa = PBXGroup;
			children = (
				49B1CF1129295CD200A59A68 /* SoccerLiveActivity.app */,
				4980CB142987BA1F00E5919D /* SoccerLiveActivityWidgetExtensionExtension.appex */,
			);
			name = Products;
			sourceTree = "<group>";
		};
		49B1CF1329295CD200A59A68 /* SoccerLiveActivity */ = {
			isa = PBXGroup;
			children = (
				4957EE16295F101E00323378 /* Info.plist */,
				49FB094D2950DA0100B60B28 /* Components */,
				49B1CF3F29295D5900A59A68 /* Business */,
				49B1CF502929601700A59A68 /* Scenes */,
				49B1CF1429295CD200A59A68 /* SoccerLiveActivityApp.swift */,
				49B1CF1829295CD600A59A68 /* Assets.xcassets */,
				49B1CF1A29295CD600A59A68 /* SoccerLiveActivity.entitlements */,
				49B1CF1B29295CD600A59A68 /* Preview Content */,
			);
			path = SoccerLiveActivity;
			sourceTree = "<group>";
		};
		49B1CF1B29295CD600A59A68 /* Preview Content */ = {
			isa = PBXGroup;
			children = (
				49B1CF1C29295CD600A59A68 /* Preview Assets.xcassets */,
			);
			path = "Preview Content";
			sourceTree = "<group>";
		};
		49B1CF3F29295D5900A59A68 /* Business */ = {
			isa = PBXGroup;
			children = (
				4980CB372988645600E5919D /* LiveActivity */,
				49B1CF4029295D6D00A59A68 /* Models */,
				4980CB382988646300E5919D /* Simulator */,
			);
			path = Business;
			sourceTree = "<group>";
		};
		49B1CF4029295D6D00A59A68 /* Models */ = {
			isa = PBXGroup;
			children = (
				49B1CF4929295E5A00A59A68 /* Goal.swift */,
				49B1CF4329295E0500A59A68 /* Player.swift */,
				49B1CF4129295D9500A59A68 /* Team.swift */,
				49B1CF4F29295EAA00A59A68 /* Match */,
			);
			path = Models;
			sourceTree = "<group>";
		};
		49B1CF4F29295EAA00A59A68 /* Match */ = {
			isa = PBXGroup;
			children = (
				49B1CF4529295E2800A59A68 /* Match.swift */,
				49B1CF4B29295E7100A59A68 /* MatchScore.swift */,
				49B1CF4D29295E8500A59A68 /* MatchSubstitution.swift */,
				49B1CF4729295E4500A59A68 /* MatchTime.swift */,
			);
			path = Match;
			sourceTree = "<group>";
		};
		49B1CF502929601700A59A68 /* Scenes */ = {
			isa = PBXGroup;
			children = (
				49B1CF512929603800A59A68 /* Match */,
			);
			path = Scenes;
			sourceTree = "<group>";
		};
		49B1CF512929603800A59A68 /* Match */ = {
			isa = PBXGroup;
			children = (
				49B1CF1629295CD200A59A68 /* MatchView.swift */,
				49CA26A3292969F900797C76 /* MatchViewModel.swift */,
			);
			path = Match;
			sourceTree = "<group>";
		};
		49FB094D2950DA0100B60B28 /* Components */ = {
			isa = PBXGroup;
			children = (
				4957EE14295F0DDF00323378 /* GoalRowView.swift */,
				49FB094E2950DA1300B60B28 /* MatchScoreView.swift */,
				49FB09522950E41600B60B28 /* MatchTimeView.swift */,
				49FB09502950DA4500B60B28 /* TeamShieldView.swift */,
			);
			path = Components;
			sourceTree = "<group>";
		};
/* End PBXGroup section */

/* Begin PBXNativeTarget section */
		4980CB132987BA1F00E5919D /* SoccerLiveActivityWidgetExtensionExtension */ = {
			isa = PBXNativeTarget;
			buildConfigurationList = 4980CB242987BA2100E5919D /* Build configuration list for PBXNativeTarget "SoccerLiveActivityWidgetExtensionExtension" */;
			buildPhases = (
				4980CB102987BA1F00E5919D /* Sources */,
				4980CB112987BA1F00E5919D /* Frameworks */,
				4980CB122987BA1F00E5919D /* Resources */,
			);
			buildRules = (
			);
			dependencies = (
			);
			name = SoccerLiveActivityWidgetExtensionExtension;
			productName = SoccerLiveActivityWidgetExtensionExtension;
			productReference = 4980CB142987BA1F00E5919D /* SoccerLiveActivityWidgetExtensionExtension.appex */;
			productType = "com.apple.product-type.app-extension";
		};
		49B1CF1029295CD200A59A68 /* SoccerLiveActivity */ = {
			isa = PBXNativeTarget;
			buildConfigurationList = 49B1CF3629295CD600A59A68 /* Build configuration list for PBXNativeTarget "SoccerLiveActivity" */;
			buildPhases = (
				49B1CF0D29295CD200A59A68 /* Sources */,
				49B1CF0E29295CD200A59A68 /* Frameworks */,
				49B1CF0F29295CD200A59A68 /* Resources */,
				4980CAF52987B74C00E5919D /* Embed Foundation Extensions */,
			);
			buildRules = (
			);
			dependencies = (
				4980CB222987BA2100E5919D /* PBXTargetDependency */,
			);
			name = SoccerLiveActivity;
			productName = SoccerLiveActivity;
			productReference = 49B1CF1129295CD200A59A68 /* SoccerLiveActivity.app */;
			productType = "com.apple.product-type.application";
		};
/* End PBXNativeTarget section */

/* Begin PBXProject section */
		49B1CF0929295CD200A59A68 /* Project object */ = {
			isa = PBXProject;
			attributes = {
				BuildIndependentTargetsInParallel = 1;
				LastSwiftUpdateCheck = 1420;
				LastUpgradeCheck = 1400;
				TargetAttributes = {
					4980CB132987BA1F00E5919D = {
						CreatedOnToolsVersion = 14.2;
					};
					49B1CF1029295CD200A59A68 = {
						CreatedOnToolsVersion = 14.0.1;
					};
				};
			};
			buildConfigurationList = 49B1CF0C29295CD200A59A68 /* Build configuration list for PBXProject "SoccerLiveActivity" */;
			compatibilityVersion = "Xcode 14.0";
			developmentRegion = en;
			hasScannedForEncodings = 0;
			knownRegions = (
				en,
				Base,
			);
			mainGroup = 49B1CF0829295CD200A59A68;
			productRefGroup = 49B1CF1229295CD200A59A68 /* Products */;
			projectDirPath = "";
			projectRoot = "";
			targets = (
				49B1CF1029295CD200A59A68 /* SoccerLiveActivity */,
				4980CB132987BA1F00E5919D /* SoccerLiveActivityWidgetExtensionExtension */,
			);
		};
/* End PBXProject section */

/* Begin PBXResourcesBuildPhase section */
		4980CB122987BA1F00E5919D /* Resources */ = {
			isa = PBXResourcesBuildPhase;
			buildActionMask = 2147483647;
			files = (
				4980CB1F2987BA2100E5919D /* Assets.xcassets in Resources */,
			);
			runOnlyForDeploymentPostprocessing = 0;
		};
		49B1CF0F29295CD200A59A68 /* Resources */ = {
			isa = PBXResourcesBuildPhase;
			buildActionMask = 2147483647;
			files = (
				49B1CF1D29295CD600A59A68 /* Preview Assets.xcassets in Resources */,
				49B1CF1929295CD600A59A68 /* Assets.xcassets in Resources */,
			);
			runOnlyForDeploymentPostprocessing = 0;
		};
/* End PBXResourcesBuildPhase section */

/* Begin PBXSourcesBuildPhase section */
		4980CB102987BA1F00E5919D /* Sources */ = {
			isa = PBXSourcesBuildPhase;
			buildActionMask = 2147483647;
			files = (
				4924C29B298FC27B0036A169 /* DynamicIslandBottomView.swift in Sources */,
				4980CB1B2987BA1F00E5919D /* SoccerLiveActivityWidgetExtensionLiveActivity.swift in Sources */,
				4980CB2D2987BBEE00E5919D /* MatchLiveActivityAttributes.swift in Sources */,
				4980CB3B298866C900E5919D /* MatchTime.swift in Sources */,
				4924C298298FC02D0036A169 /* DynamicIslandTeamView.swift in Sources */,
				4924C295298FBCAB0036A169 /* LockScreenView.swift in Sources */,
			);
			runOnlyForDeploymentPostprocessing = 0;
		};
		49B1CF0D29295CD200A59A68 /* Sources */ = {
			isa = PBXSourcesBuildPhase;
			buildActionMask = 2147483647;
			files = (
				49B1CF4429295E0500A59A68 /* Player.swift in Sources */,
				49B1CF4229295D9500A59A68 /* Team.swift in Sources */,
				49B1CF4A29295E5A00A59A68 /* Goal.swift in Sources */,
				49CA26A4292969F900797C76 /* MatchViewModel.swift in Sources */,
				49B1CF4E29295E8500A59A68 /* MatchSubstitution.swift in Sources */,
				49CA26A22929614700797C76 /* MatchSimulator.swift in Sources */,
				4980CB3A2988648600E5919D /* LiveActivityManager.swift in Sources */,
				49FB09512950DA4500B60B28 /* TeamShieldView.swift in Sources */,
				4980CB2C2987BBE300E5919D /* MatchLiveActivityAttributes.swift in Sources */,
				49B1CF4829295E4500A59A68 /* MatchTime.swift in Sources */,
				49B1CF4C29295E7100A59A68 /* MatchScore.swift in Sources */,
				49FB09532950E41600B60B28 /* MatchTimeView.swift in Sources */,
				49B1CF1729295CD200A59A68 /* MatchView.swift in Sources */,
				4957EE15295F0DDF00323378 /* GoalRowView.swift in Sources */,
				49B1CF4629295E2800A59A68 /* Match.swift in Sources */,
				49B1CF1529295CD200A59A68 /* SoccerLiveActivityApp.swift in Sources */,
				49FB094F2950DA1300B60B28 /* MatchScoreView.swift in Sources */,
			);
			runOnlyForDeploymentPostprocessing = 0;
		};
/* End PBXSourcesBuildPhase section */

/* Begin PBXTargetDependency section */
		4980CB222987BA2100E5919D /* PBXTargetDependency */ = {
			isa = PBXTargetDependency;
			target = 4980CB132987BA1F00E5919D /* SoccerLiveActivityWidgetExtensionExtension */;
			targetProxy = 4980CB212987BA2100E5919D /* PBXContainerItemProxy */;
		};
/* End PBXTargetDependency section */

/* Begin XCBuildConfiguration section */
		4980CB252987BA2100E5919D /* Debug */ = {
			isa = XCBuildConfiguration;
			buildSettings = {
				ASSETCATALOG_COMPILER_GLOBAL_ACCENT_COLOR_NAME = AccentColor;
				ASSETCATALOG_COMPILER_WIDGET_BACKGROUND_COLOR_NAME = WidgetBackground;
				CODE_SIGN_STYLE = Automatic;
				CURRENT_PROJECT_VERSION = 1;
				DEVELOPMENT_TEAM = HDC4S2P5MK;
				GENERATE_INFOPLIST_FILE = YES;
				INFOPLIST_FILE = SoccerLiveActivityWidgetExtension/Info.plist;
				INFOPLIST_KEY_CFBundleDisplayName = SoccerLiveActivityWidgetExtension;
				INFOPLIST_KEY_NSHumanReadableCopyright = "";
				IPHONEOS_DEPLOYMENT_TARGET = 16.2;
				LD_RUNPATH_SEARCH_PATHS = (
					"$(inherited)",
					"@executable_path/Frameworks",
					"@executable_path/../../Frameworks",
				);
				MARKETING_VERSION = 1.0;
				PRODUCT_BUNDLE_IDENTIFIER = com.jlagunadev.SoccerLiveActivity.SoccerLiveActivityWidgetExtension;
				PRODUCT_NAME = "$(TARGET_NAME)";
				SDKROOT = iphoneos;
				SKIP_INSTALL = YES;
				SWIFT_EMIT_LOC_STRINGS = YES;
				SWIFT_VERSION = 5.0;
				TARGETED_DEVICE_FAMILY = "1,2";
			};
			name = Debug;
		};
		4980CB262987BA2100E5919D /* Release */ = {
			isa = XCBuildConfiguration;
			buildSettings = {
				ASSETCATALOG_COMPILER_GLOBAL_ACCENT_COLOR_NAME = AccentColor;
				ASSETCATALOG_COMPILER_WIDGET_BACKGROUND_COLOR_NAME = WidgetBackground;
				CODE_SIGN_STYLE = Automatic;
				CURRENT_PROJECT_VERSION = 1;
				DEVELOPMENT_TEAM = HDC4S2P5MK;
				GENERATE_INFOPLIST_FILE = YES;
				INFOPLIST_FILE = SoccerLiveActivityWidgetExtension/Info.plist;
				INFOPLIST_KEY_CFBundleDisplayName = SoccerLiveActivityWidgetExtension;
				INFOPLIST_KEY_NSHumanReadableCopyright = "";
				IPHONEOS_DEPLOYMENT_TARGET = 16.2;
				LD_RUNPATH_SEARCH_PATHS = (
					"$(inherited)",
					"@executable_path/Frameworks",
					"@executable_path/../../Frameworks",
				);
				MARKETING_VERSION = 1.0;
				PRODUCT_BUNDLE_IDENTIFIER = com.jlagunadev.SoccerLiveActivity.SoccerLiveActivityWidgetExtension;
				PRODUCT_NAME = "$(TARGET_NAME)";
				SDKROOT = iphoneos;
				SKIP_INSTALL = YES;
				SWIFT_EMIT_LOC_STRINGS = YES;
				SWIFT_VERSION = 5.0;
				TARGETED_DEVICE_FAMILY = "1,2";
				VALIDATE_PRODUCT = YES;
			};
			name = Release;
		};
		49B1CF3429295CD600A59A68 /* Debug */ = {
			isa = XCBuildConfiguration;
			buildSettings = {
				ALWAYS_SEARCH_USER_PATHS = NO;
				CLANG_ANALYZER_NONNULL = YES;
				CLANG_ANALYZER_NUMBER_OBJECT_CONVERSION = YES_AGGRESSIVE;
				CLANG_CXX_LANGUAGE_STANDARD = "gnu++20";
				CLANG_ENABLE_MODULES = YES;
				CLANG_ENABLE_OBJC_ARC = YES;
				CLANG_ENABLE_OBJC_WEAK = YES;
				CLANG_WARN_BLOCK_CAPTURE_AUTORELEASING = YES;
				CLANG_WARN_BOOL_CONVERSION = YES;
				CLANG_WARN_COMMA = YES;
				CLANG_WARN_CONSTANT_CONVERSION = YES;
				CLANG_WARN_DEPRECATED_OBJC_IMPLEMENTATIONS = YES;
				CLANG_WARN_DIRECT_OBJC_ISA_USAGE = YES_ERROR;
				CLANG_WARN_DOCUMENTATION_COMMENTS = YES;
				CLANG_WARN_EMPTY_BODY = YES;
				CLANG_WARN_ENUM_CONVERSION = YES;
				CLANG_WARN_INFINITE_RECURSION = YES;
				CLANG_WARN_INT_CONVERSION = YES;
				CLANG_WARN_NON_LITERAL_NULL_CONVERSION = YES;
				CLANG_WARN_OBJC_IMPLICIT_RETAIN_SELF = YES;
				CLANG_WARN_OBJC_LITERAL_CONVERSION = YES;
				CLANG_WARN_OBJC_ROOT_CLASS = YES_ERROR;
				CLANG_WARN_QUOTED_INCLUDE_IN_FRAMEWORK_HEADER = YES;
				CLANG_WARN_RANGE_LOOP_ANALYSIS = YES;
				CLANG_WARN_STRICT_PROTOTYPES = YES;
				CLANG_WARN_SUSPICIOUS_MOVE = YES;
				CLANG_WARN_UNGUARDED_AVAILABILITY = YES_AGGRESSIVE;
				CLANG_WARN_UNREACHABLE_CODE = YES;
				CLANG_WARN__DUPLICATE_METHOD_MATCH = YES;
				COPY_PHASE_STRIP = NO;
				DEBUG_INFORMATION_FORMAT = dwarf;
				ENABLE_STRICT_OBJC_MSGSEND = YES;
				ENABLE_TESTABILITY = YES;
				GCC_C_LANGUAGE_STANDARD = gnu11;
				GCC_DYNAMIC_NO_PIC = NO;
				GCC_NO_COMMON_BLOCKS = YES;
				GCC_OPTIMIZATION_LEVEL = 0;
				GCC_PREPROCESSOR_DEFINITIONS = (
					"DEBUG=1",
					"$(inherited)",
				);
				GCC_WARN_64_TO_32_BIT_CONVERSION = YES;
				GCC_WARN_ABOUT_RETURN_TYPE = YES_ERROR;
				GCC_WARN_UNDECLARED_SELECTOR = YES;
				GCC_WARN_UNINITIALIZED_AUTOS = YES_AGGRESSIVE;
				GCC_WARN_UNUSED_FUNCTION = YES;
				GCC_WARN_UNUSED_VARIABLE = YES;
				MTL_ENABLE_DEBUG_INFO = INCLUDE_SOURCE;
				MTL_FAST_MATH = YES;
				ONLY_ACTIVE_ARCH = YES;
				SWIFT_ACTIVE_COMPILATION_CONDITIONS = DEBUG;
				SWIFT_OPTIMIZATION_LEVEL = "-Onone";
			};
			name = Debug;
		};
		49B1CF3529295CD600A59A68 /* Release */ = {
			isa = XCBuildConfiguration;
			buildSettings = {
				ALWAYS_SEARCH_USER_PATHS = NO;
				CLANG_ANALYZER_NONNULL = YES;
				CLANG_ANALYZER_NUMBER_OBJECT_CONVERSION = YES_AGGRESSIVE;
				CLANG_CXX_LANGUAGE_STANDARD = "gnu++20";
				CLANG_ENABLE_MODULES = YES;
				CLANG_ENABLE_OBJC_ARC = YES;
				CLANG_ENABLE_OBJC_WEAK = YES;
				CLANG_WARN_BLOCK_CAPTURE_AUTORELEASING = YES;
				CLANG_WARN_BOOL_CONVERSION = YES;
				CLANG_WARN_COMMA = YES;
				CLANG_WARN_CONSTANT_CONVERSION = YES;
				CLANG_WARN_DEPRECATED_OBJC_IMPLEMENTATIONS = YES;
				CLANG_WARN_DIRECT_OBJC_ISA_USAGE = YES_ERROR;
				CLANG_WARN_DOCUMENTATION_COMMENTS = YES;
				CLANG_WARN_EMPTY_BODY = YES;
				CLANG_WARN_ENUM_CONVERSION = YES;
				CLANG_WARN_INFINITE_RECURSION = YES;
				CLANG_WARN_INT_CONVERSION = YES;
				CLANG_WARN_NON_LITERAL_NULL_CONVERSION = YES;
				CLANG_WARN_OBJC_IMPLICIT_RETAIN_SELF = YES;
				CLANG_WARN_OBJC_LITERAL_CONVERSION = YES;
				CLANG_WARN_OBJC_ROOT_CLASS = YES_ERROR;
				CLANG_WARN_QUOTED_INCLUDE_IN_FRAMEWORK_HEADER = YES;
				CLANG_WARN_RANGE_LOOP_ANALYSIS = YES;
				CLANG_WARN_STRICT_PROTOTYPES = YES;
				CLANG_WARN_SUSPICIOUS_MOVE = YES;
				CLANG_WARN_UNGUARDED_AVAILABILITY = YES_AGGRESSIVE;
				CLANG_WARN_UNREACHABLE_CODE = YES;
				CLANG_WARN__DUPLICATE_METHOD_MATCH = YES;
				COPY_PHASE_STRIP = NO;
				DEBUG_INFORMATION_FORMAT = "dwarf-with-dsym";
				ENABLE_NS_ASSERTIONS = NO;
				ENABLE_STRICT_OBJC_MSGSEND = YES;
				GCC_C_LANGUAGE_STANDARD = gnu11;
				GCC_NO_COMMON_BLOCKS = YES;
				GCC_WARN_64_TO_32_BIT_CONVERSION = YES;
				GCC_WARN_ABOUT_RETURN_TYPE = YES_ERROR;
				GCC_WARN_UNDECLARED_SELECTOR = YES;
				GCC_WARN_UNINITIALIZED_AUTOS = YES_AGGRESSIVE;
				GCC_WARN_UNUSED_FUNCTION = YES;
				GCC_WARN_UNUSED_VARIABLE = YES;
				MTL_ENABLE_DEBUG_INFO = NO;
				MTL_FAST_MATH = YES;
				SWIFT_COMPILATION_MODE = wholemodule;
				SWIFT_OPTIMIZATION_LEVEL = "-O";
			};
			name = Release;
		};
		49B1CF3729295CD600A59A68 /* Debug */ = {
			isa = XCBuildConfiguration;
			buildSettings = {
				ALWAYS_EMBED_SWIFT_STANDARD_LIBRARIES = YES;
				ASSETCATALOG_COMPILER_APPICON_NAME = AppIcon;
				ASSETCATALOG_COMPILER_GLOBAL_ACCENT_COLOR_NAME = AccentColor;
				CODE_SIGN_ENTITLEMENTS = SoccerLiveActivity/SoccerLiveActivity.entitlements;
				CODE_SIGN_STYLE = Automatic;
				CURRENT_PROJECT_VERSION = 1;
				DEVELOPMENT_ASSET_PATHS = "\"SoccerLiveActivity/Preview Content\"";
				DEVELOPMENT_TEAM = HDC4S2P5MK;
				ENABLE_HARDENED_RUNTIME = YES;
				ENABLE_PREVIEWS = YES;
				GENERATE_INFOPLIST_FILE = YES;
				INFOPLIST_FILE = SoccerLiveActivity/Info.plist;
				INFOPLIST_KEY_CFBundleDisplayName = "Soccer LiveActivity";
				INFOPLIST_KEY_NSSupportsLiveActivities = YES;
				"INFOPLIST_KEY_UIApplicationSceneManifest_Generation[sdk=iphoneos*]" = YES;
				"INFOPLIST_KEY_UIApplicationSceneManifest_Generation[sdk=iphonesimulator*]" = YES;
				"INFOPLIST_KEY_UIApplicationSupportsIndirectInputEvents[sdk=iphoneos*]" = YES;
				"INFOPLIST_KEY_UIApplicationSupportsIndirectInputEvents[sdk=iphonesimulator*]" = YES;
				"INFOPLIST_KEY_UILaunchScreen_Generation[sdk=iphoneos*]" = YES;
				"INFOPLIST_KEY_UILaunchScreen_Generation[sdk=iphonesimulator*]" = YES;
				"INFOPLIST_KEY_UIStatusBarStyle[sdk=iphoneos*]" = UIStatusBarStyleDefault;
				"INFOPLIST_KEY_UIStatusBarStyle[sdk=iphonesimulator*]" = UIStatusBarStyleDefault;
				INFOPLIST_KEY_UISupportedInterfaceOrientations = UIInterfaceOrientationPortrait;
				INFOPLIST_KEY_UISupportedInterfaceOrientations_iPad = "UIInterfaceOrientationLandscapeLeft UIInterfaceOrientationLandscapeRight UIInterfaceOrientationPortrait UIInterfaceOrientationPortraitUpsideDown";
				IPHONEOS_DEPLOYMENT_TARGET = 16.1;
				LD_RUNPATH_SEARCH_PATHS = "@executable_path/Frameworks";
				"LD_RUNPATH_SEARCH_PATHS[sdk=macosx*]" = "@executable_path/../Frameworks";
				MACOSX_DEPLOYMENT_TARGET = 12.3;
				MARKETING_VERSION = 1.0;
				PRODUCT_BUNDLE_IDENTIFIER = com.jlagunadev.SoccerLiveActivity;
				PRODUCT_NAME = "$(TARGET_NAME)";
				SDKROOT = auto;
				SUPPORTED_PLATFORMS = "iphoneos iphonesimulator";
				SUPPORTS_MACCATALYST = NO;
				SUPPORTS_MAC_DESIGNED_FOR_IPHONE_IPAD = NO;
				SWIFT_EMIT_LOC_STRINGS = YES;
				SWIFT_VERSION = 5.0;
				TARGETED_DEVICE_FAMILY = "1,2";
			};
			name = Debug;
		};
		49B1CF3829295CD600A59A68 /* Release */ = {
			isa = XCBuildConfiguration;
			buildSettings = {
				ALWAYS_EMBED_SWIFT_STANDARD_LIBRARIES = YES;
				ASSETCATALOG_COMPILER_APPICON_NAME = AppIcon;
				ASSETCATALOG_COMPILER_GLOBAL_ACCENT_COLOR_NAME = AccentColor;
				CODE_SIGN_ENTITLEMENTS = SoccerLiveActivity/SoccerLiveActivity.entitlements;
				CODE_SIGN_STYLE = Automatic;
				CURRENT_PROJECT_VERSION = 1;
				DEVELOPMENT_ASSET_PATHS = "\"SoccerLiveActivity/Preview Content\"";
				DEVELOPMENT_TEAM = HDC4S2P5MK;
				ENABLE_HARDENED_RUNTIME = YES;
				ENABLE_PREVIEWS = YES;
				GENERATE_INFOPLIST_FILE = YES;
				INFOPLIST_FILE = SoccerLiveActivity/Info.plist;
				INFOPLIST_KEY_CFBundleDisplayName = "Soccer LiveActivity";
				INFOPLIST_KEY_NSSupportsLiveActivities = YES;
				"INFOPLIST_KEY_UIApplicationSceneManifest_Generation[sdk=iphoneos*]" = YES;
				"INFOPLIST_KEY_UIApplicationSceneManifest_Generation[sdk=iphonesimulator*]" = YES;
				"INFOPLIST_KEY_UIApplicationSupportsIndirectInputEvents[sdk=iphoneos*]" = YES;
				"INFOPLIST_KEY_UIApplicationSupportsIndirectInputEvents[sdk=iphonesimulator*]" = YES;
				"INFOPLIST_KEY_UILaunchScreen_Generation[sdk=iphoneos*]" = YES;
				"INFOPLIST_KEY_UILaunchScreen_Generation[sdk=iphonesimulator*]" = YES;
				"INFOPLIST_KEY_UIStatusBarStyle[sdk=iphoneos*]" = UIStatusBarStyleDefault;
				"INFOPLIST_KEY_UIStatusBarStyle[sdk=iphonesimulator*]" = UIStatusBarStyleDefault;
				INFOPLIST_KEY_UISupportedInterfaceOrientations = UIInterfaceOrientationPortrait;
				INFOPLIST_KEY_UISupportedInterfaceOrientations_iPad = "UIInterfaceOrientationLandscapeLeft UIInterfaceOrientationLandscapeRight UIInterfaceOrientationPortrait UIInterfaceOrientationPortraitUpsideDown";
				IPHONEOS_DEPLOYMENT_TARGET = 16.1;
				LD_RUNPATH_SEARCH_PATHS = "@executable_path/Frameworks";
				"LD_RUNPATH_SEARCH_PATHS[sdk=macosx*]" = "@executable_path/../Frameworks";
				MACOSX_DEPLOYMENT_TARGET = 12.3;
				MARKETING_VERSION = 1.0;
				PRODUCT_BUNDLE_IDENTIFIER = com.jlagunadev.SoccerLiveActivity;
				PRODUCT_NAME = "$(TARGET_NAME)";
				SDKROOT = auto;
				SUPPORTED_PLATFORMS = "iphoneos iphonesimulator";
				SUPPORTS_MACCATALYST = NO;
				SUPPORTS_MAC_DESIGNED_FOR_IPHONE_IPAD = NO;
				SWIFT_EMIT_LOC_STRINGS = YES;
				SWIFT_VERSION = 5.0;
				TARGETED_DEVICE_FAMILY = "1,2";
			};
			name = Release;
		};
/* End XCBuildConfiguration section */

/* Begin XCConfigurationList section */
		4980CB242987BA2100E5919D /* Build configuration list for PBXNativeTarget "SoccerLiveActivityWidgetExtensionExtension" */ = {
			isa = XCConfigurationList;
			buildConfigurations = (
				4980CB252987BA2100E5919D /* Debug */,
				4980CB262987BA2100E5919D /* Release */,
			);
			defaultConfigurationIsVisible = 0;
			defaultConfigurationName = Release;
		};
		49B1CF0C29295CD200A59A68 /* Build configuration list for PBXProject "SoccerLiveActivity" */ = {
			isa = XCConfigurationList;
			buildConfigurations = (
				49B1CF3429295CD600A59A68 /* Debug */,
				49B1CF3529295CD600A59A68 /* Release */,
			);
			defaultConfigurationIsVisible = 0;
			defaultConfigurationName = Release;
		};
		49B1CF3629295CD600A59A68 /* Build configuration list for PBXNativeTarget "SoccerLiveActivity" */ = {
			isa = XCConfigurationList;
			buildConfigurations = (
				49B1CF3729295CD600A59A68 /* Debug */,
				49B1CF3829295CD600A59A68 /* Release */,
			);
			defaultConfigurationIsVisible = 0;
			defaultConfigurationName = Release;
		};
/* End XCConfigurationList section */
	};
	rootObject = 49B1CF0929295CD200A59A68 /* Project object */;
}
